{
    "_meta": {
        "hash": {
            "sha256": "2251dbcec28a740ca978dfe1ebe2a47fecc937bffb1bed3dcd0ef9bcd78b0c85"
        },
        "pipfile-spec": 6,
        "requires": {
            "python_version": "3.12"
        },
        "sources": [
            {
                "name": "pypi",
                "url": "https://pypi.org/simple",
                "verify_ssl": true
            }
        ]
    },
    "default": {
        "more-itertools": {
            "hashes": [
                "sha256:037b0d3203ce90cca8ab1defbbdac29d5f993fc20131f3664dc8d6acfa872aef",
                "sha256:5482bfef7849c25dc3c6dd53a6173ae4795da2a41a80faea6700d9f5846c5da6"
            ],
            "index": "pypi",
            "markers": "python_version >= '3.8'",
            "version": "==10.5.0"
        }
    },
    "develop": {}
}
